
Microsoft Visual Studio Solution File, Format Version 12.00
# Visual Studio Version 16
VisualStudioVersion = 16.0.33027.164
MinimumVisualStudioVersion = 10.0.40219.1
Project("{FAE04EC0-301F-11D3-BF4B-00C04F79EFBC}") = "lab2ex2", "lab2ex2\lab2ex2.csproj", "{D9E5F143-03C0-4E62-A593-A47D8FEAC1A4}"
EndProject
Global
	GlobalSection(SolutionConfigurationPlatforms) = preSolution
		Debug|Any CPU = Debug|Any CPU
		Release|Any CPU = Release|Any CPU
	EndGlobalSection
	GlobalSection(ProjectConfigurationPlatforms) = postSolution
		{D9E5F143-03C0-4E62-A593-A47D8FEAC1A4}.Debug|Any CPU.ActiveCfg = Debug|Any CPU
		{D9E5F143-03C0-4E62-A593-A47D8FEAC1A4}.Debug|Any CPU.Build.0 = Debug|Any CPU
		{D9E5F143-03C0-4E62-A593-A47D8FEAC1A4}.Release|Any CPU.ActiveCfg = Release|Any CPU
		{D9E5F143-03C0-4E62-A593-A47D8FEAC1A4}.Release|Any CPU.Build.0 = Release|Any CPU
	EndGlobalSection
	GlobalSection(SolutionProperties) = preSolution
		HideSolutionNode = FALSE
	EndGlobalSection
	GlobalSection(ExtensibilityGlobals) = postSolution
		SolutionGuid = {99F63461-645E-42D4-8CFF-46AA30449210}
	EndGlobalSection
EndGlobal
